// !$*UTF8*$!
{
	archiveVersion = 1;
	classes = {
	};
	objectVersion = 46;
	objects = {

/* Begin PBXBuildFile section */
		8C4CA2F11C75C15800D57D52 /* AppDelegate.swift in Sources */ = {isa = PBXBuildFile; fileRef = 8C4CA2F01C75C15800D57D52 /* AppDelegate.swift */; };
		8C4CA2F31C75C15800D57D52 /* ViewController.swift in Sources */ = {isa = PBXBuildFile; fileRef = 8C4CA2F21C75C15800D57D52 /* ViewController.swift */; };
		8C4CA2F61C75C15800D57D52 /* Main.storyboard in Resources */ = {isa = PBXBuildFile; fileRef = 8C4CA2F41C75C15800D57D52 /* Main.storyboard */; };
		8C4CA2F81C75C15800D57D52 /* Assets.xcassets in Resources */ = {isa = PBXBuildFile; fileRef = 8C4CA2F71C75C15800D57D52 /* Assets.xcassets */; };
		8C4CA2FB1C75C15800D57D52 /* LaunchScreen.storyboard in Resources */ = {isa = PBXBuildFile; fileRef = 8C4CA2F91C75C15800D57D52 /* LaunchScreen.storyboard */; };
/* End PBXBuildFile section */

/* Begin PBXFileReference section */
		8C4CA2ED1C75C15700D57D52 /* class-oop-test.app */ = {isa = PBXFileReference; explicitFileType = wrapper.application; includeInIndex = 0; path = "class-oop-test.app"; sourceTree = BUILT_PRODUCTS_DIR; };
		8C4CA2F01C75C15800D57D52 /* AppDelegate.swift */ = {isa = PBXFileReference; lastKnownFileType = sourcecode.swift; path = AppDelegate.swift; sourceTree = "<group>"; };
		8C4CA2F21C75C15800D57D52 /* ViewController.swift */ = {isa = PBXFileReference; lastKnownFileType = sourcecode.swift; path = ViewController.swift; sourceTree = "<group>"; };
		8C4CA2F51C75C15800D57D52 /* Base */ = {isa = PBXFileReference; lastKnownFileType = file.storyboard; name = Base; path = Base.lproj/Main.storyboard; sourceTree = "<group>"; };
		8C4CA2F71C75C15800D57D52 /* Assets.xcassets */ = {isa = PBXFileReference; lastKnownFileType = folder.assetcatalog; path = Assets.xcassets; sourceTree = "<group>"; };
		8C4CA2FA1C75C15800D57D52 /* Base */ = {isa = PBXFileReference; lastKnownFileType = file.storyboard; name = Base; path = Base.lproj/LaunchScreen.storyboard; sourceTree = "<group>"; };
		8C4CA2FC1C75C15800D57D52 /* Info.plist */ = {isa = PBXFileReference; lastKnownFileType = text.plist.xml; path = Info.plist; sourceTree = "<group>"; };
/* End PBXFileReference section */

/* Begin PBXFrameworksBuildPhase section */
		8C4CA2EA1C75C15700D57D52 /* Frameworks */ = {
			isa = PBXFrameworksBuildPhase;
			buildActionMask = 2147483647;
			files = (
			);
			runOnlyForDeploymentPostprocessing = 0;
		};
/* End PBXFrameworksBuildPhase section */

/* Begin PBXGroup section */
		8C4CA2E41C75C15700D57D52 = {
			isa = PBXGroup;
			children = (
				8C4CA2EF1C75C15700D57D52 /* class-oop-test */,
				8C4CA2EE1C75C15700D57D52 /* Products */,
			);
			sourceTree = "<group>";
		};
		8C4CA2EE1C75C15700D57D52 /* Products */ = {
			isa = PBXGroup;
			children = (
				8C4CA2ED1C75C15700D57D52 /* class-oop-test.app */,
			);
			name = Products;
			sourceTree = "<group>";
		};
		8C4CA2EF1C75C15700D57D52 /* class-oop-test */ = {
			isa = PBXGroup;
			children = (
				8C4CA2F01C75C15800D57D52 /* AppDelegate.swift */,
				8C4CA2F21C75C15800D57D52 /* ViewController.swift */,
				8C4CA2F41C75C15800D57D52 /* Main.storyboard */,
				8C4CA2F71C75C15800D57D52 /* Assets.xcassets */,
				8C4CA2F91C75C15800D57D52 /* LaunchScreen.storyboard */,
				8C4CA2FC1C75C15800D57D52 /* Info.plist */,
			);
			path = "class-oop-test";
			sourceTree = "<group>";
		};
/* End PBXGroup section */

/* Begin PBXNativeTarget section */
		8C4CA2EC1C75C15700D57D52 /* class-oop-test */ = {
			isa = PBXNativeTarget;
			buildConfigurationList = 8C4CA2FF1C75C15800D57D52 /* Build configuration list for PBXNativeTarget "class-oop-test" */;
			buildPhases = (
				8C4CA2E91C75C15700D57D52 /* Sources */,
				8C4CA2EA1C75C15700D57D52 /* Frameworks */,
				8C4CA2EB1C75C15700D57D52 /* Resources */,
			);
			buildRules = (
			);
			dependencies = (
			);
			name = "class-oop-test";
			productName = "class-oop-test";
			productReference = 8C4CA2ED1C75C15700D57D52 /* class-oop-test.app */;
			productType = "com.apple.product-type.application";
		};
/* End PBXNativeTarget section */

/* Begin PBXProject section */
		8C4CA2E51C75C15700D57D52 /* Project object */ = {
			isa = PBXProject;
			attributes = {
				LastSwiftUpdateCheck = 0720;
				LastUpgradeCheck = 0720;
				ORGANIZATIONNAME = mosby;
				TargetAttributes = {
					8C4CA2EC1C75C15700D57D52 = {
						CreatedOnToolsVersion = 7.2.1;
					};
				};
			};
			buildConfigurationList = 8C4CA2E81C75C15700D57D52 /* Build configuration list for PBXProject "class-oop-test" */;
			compatibilityVersion = "Xcode 3.2";
			developmentRegion = English;
			hasScannedForEncodings = 0;
			knownRegions = (
				en,
				Base,
			);
			mainGroup = 8C4CA2E41C75C15700D57D52;
			productRefGroup = 8C4CA2EE1C75C15700D57D52 /* Products */;
			projectDirPath = "";
			projectRoot = "";
			targets = (
				8C4CA2EC1C75C15700D57D52 /* class-oop-test */,
			);
		};
/* End PBXProject section */

/* Begin PBXResourcesBuildPhase section */
		8C4CA2EB1C75C15700D57D52 /* Resources */ = {
			isa = PBXResourcesBuildPhase;
			buildActionMask = 2147483647;
			files = (
				8C4CA2FB1C75C15800D57D52 /* LaunchScreen.storyboard in Resources */,
				8C4CA2F81C75C15800D57D52 /* Assets.xcassets in Resources */,
				8C4CA2F61C75C15800D57D52 /* Main.storyboard in Resources */,
			);
			runOnlyForDeploymentPostprocessing = 0;
		};
/* End PBXResourcesBuildPhase section */

/* Begin PBXSourcesBuildPhase section */
		8C4CA2E91C75C15700D57D52 /* Sources */ = {
			isa = PBXSourcesBuildPhase;
			buildActionMask = 2147483647;
			files = (
				8C4CA2F31C75C15800D57D52 /* ViewController.swift in Sources */,
				8C4CA2F11C75C15800D57D52 /* AppDelegate.swift in Sources */,
			);
			runOnlyForDeploymentPostprocessing = 0;
		};
/* End PBXSourcesBuildPhase section */

/* Begin PBXVariantGroup section */
		8C4CA2F41C75C15800D57D52 /* Main.storyboard */ = {
			isa = PBXVariantGroup;
			children = (
				8C4CA2F51C75C15800D57D52 /* Base */,
			);
			name = Main.storyboard;
			sourceTree = "<group>";
		};
		8C4CA2F91C75C15800D57D52 /* LaunchScreen.storyboard */ = {
			isa = PBXVariantGroup;
			children = (
				8C4CA2FA1C75C15800D57D52 /* Base */,
			);
			name = LaunchScreen.storyboard;
			sourceTree = "<group>";
		};
/* End PBXVariantGroup section */

/* Begin XCBuildConfiguration section */
		8C4CA2FD1C75C15800D57D52 /* Debug */ = {
			isa = XCBuildConfiguration;
			buildSettings = {
				ALWAYS_SEARCH_USER_PATHS = NO;
				CLANG_CXX_LANGUAGE_STANDARD = "gnu++0x";
				CLANG_CXX_LIBRARY = "libc++";
				CLANG_ENABLE_MODULES = YES;
				CLANG_ENABLE_OBJC_ARC = YES;
				CLANG_WARN_BOOL_CONVERSION = YES;
				CLANG_WARN_CONSTANT_CONVERSION = YES;
				CLANG_WARN_DIRECT_OBJC_ISA_USAGE = YES_ERROR;
				CLANG_WARN_EMPTY_BODY = YES;
				CLANG_WARN_ENUM_CONVERSION = YES;
				CLANG_WARN_INT_CONVERSION = YES;
				CLANG_WARN_OBJC_ROOT_CLASS = YES_ERROR;
				CLANG_WARN_UNREACHABLE_CODE = YES;
				CLANG_WARN__DUPLICATE_METHOD_MATCH = YES;
				"CODE_SIGN_IDENTITY[sdk=iphoneos*]" = "iPhone Developer";
				COPY_PHASE_STRIP = NO;
				DEBUG_INFORMATION_FORMAT = dwarf;
				ENABLE_STRICT_OBJC_MSGSEND = YES;
				ENABLE_TESTABILITY = YES;
				GCC_C_LANGUAGE_STANDARD = gnu99;
				GCC_DYNAMIC_NO_PIC = NO;
				GCC_NO_COMMON_BLOCKS = YES;
				GCC_OPTIMIZATION_LEVEL = 0;
				GCC_PREPROCESSOR_DEFINITIONS = (
					"DEBUG=1",
					"$(inherited)",
				);
				GCC_WARN_64_TO_32_BIT_CONVERSION = YES;
				GCC_WARN_ABOUT_RETURN_TYPE = YES_ERROR;
				GCC_WARN_UNDECLARED_SELECTOR = YES;
				GCC_WARN_UNINITIALIZED_AUTOS = YES_AGGRESSIVE;
				GCC_WARN_UNUSED_FUNCTION = YES;
				GCC_WARN_UNUSED_VARIABLE = YES;
				IPHONEOS_DEPLOYMENT_TARGET = 9.2;
				MTL_ENABLE_DEBUG_INFO = YES;
				ONLY_ACTIVE_ARCH = YES;
				SDKROOT = iphoneos;
				SWIFT_OPTIMIZATION_LEVEL = "-Onone";
			};
			name = Debug;
		};
		8C4CA2FE1C75C15800D57D52 /* Release */ = {
			isa = XCBuildConfiguration;
			buildSettings = {
				ALWAYS_SEARCH_USER_PATHS = NO;
				CLANG_CXX_LANGUAGE_STANDARD = "gnu++0x";
				CLANG_CXX_LIBRARY = "libc++";
				CLANG_ENABLE_MODULES = YES;
				CLANG_ENABLE_OBJC_ARC = YES;
				CLANG_WARN_BOOL_CONVERSION = YES;
				CLANG_WARN_CONSTANT_CONVERSION = YES;
				CLANG_WARN_DIRECT_OBJC_ISA_USAGE = YES_ERROR;
				CLANG_WARN_EMPTY_BODY = YES;
				CLANG_WARN_ENUM_CONVERSION = YES;
				CLANG_WARN_INT_CONVERSION = YES;
				CLANG_WARN_OBJC_ROOT_CLASS = YES_ERROR;
				CLANG_WARN_UNREACHABLE_CODE = YES;
				CLANG_WARN__DUPLICATE_METHOD_MATCH = YES;
				"CODE_SIGN_IDENTITY[sdk=iphoneos*]" = "iPhone Developer";
				COPY_PHASE_STRIP = NO;
				DEBUG_INFORMATION_FORMAT = "dwarf-with-dsym";
				ENABLE_NS_ASSERTIONS = NO;
				ENABLE_STRICT_OBJC_MSGSEND = YES;
				GCC_C_LANGUAGE_STANDARD = gnu99;
				GCC_NO_COMMON_BLOCKS = YES;
				GCC_WARN_64_TO_32_BIT_CONVERSION = YES;
				GCC_WARN_ABOUT_RETURN_TYPE = YES_ERROR;
				GCC_WARN_UNDECLARED_SELECTOR = YES;
				GCC_WARN_UNINITIALIZED_AUTOS = YES_AGGRESSIVE;
				GCC_WARN_UNUSED_FUNCTION = YES;
				GCC_WARN_UNUSED_VARIABLE = YES;
				IPHONEOS_DEPLOYMENT_TARGET = 9.2;
				MTL_ENABLE_DEBUG_INFO = NO;
				SDKROOT = iphoneos;
				VALIDATE_PRODUCT = YES;
			};
			name = Release;
		};
		8C4CA3001C75C15800D57D52 /* Debug */ = {
			isa = XCBuildConfiguration;
			buildSettings = {
				ASSETCATALOG_COMPILER_APPICON_NAME = AppIcon;
				INFOPLIST_FILE = "class-oop-test/Info.plist";
				LD_RUNPATH_SEARCH_PATHS = "$(inherited) @executable_path/Frameworks";
				PRODUCT_BUNDLE_IDENTIFIER = "com.mosby.class-oop-test";
				PRODUCT_NAME = "$(TARGET_NAME)";
			};
			name = Debug;
		};
		8C4CA3011C75C15800D57D52 /* Release */ = {
			isa = XCBuildConfiguration;
			buildSettings = {
				ASSETCATALOG_COMPILER_APPICON_NAME = AppIcon;
				INFOPLIST_FILE = "class-oop-test/Info.plist";
				LD_RUNPATH_SEARCH_PATHS = "$(inherited) @executable_path/Frameworks";
				PRODUCT_BUNDLE_IDENTIFIER = "com.mosby.class-oop-test";
				PRODUCT_NAME = "$(TARGET_NAME)";
			};
			name = Release;
		};
/* End XCBuildConfiguration section */

/* Begin XCConfigurationList section */
		8C4CA2E81C75C15700D57D52 /* Build configuration list for PBXProject "class-oop-test" */ = {
			isa = XCConfigurationList;
			buildConfigurations = (
				8C4CA2FD1C75C15800D57D52 /* Debug */,
				8C4CA2FE1C75C15800D57D52 /* Release */,
			);
			defaultConfigurationIsVisible = 0;
			defaultConfigurationName = Release;
		};
		8C4CA2FF1C75C15800D57D52 /* Build configuration list for PBXNativeTarget "class-oop-test" */ = {
			isa = XCConfigurationList;
			buildConfigurations = (
				8C4CA3001C75C15800D57D52 /* Debug */,
				8C4CA3011C75C15800D57D52 /* Release */,
			);
			defaultConfigurationIsVisible = 0;
		};
/* End XCConfigurationList section */
	};
	rootObject = 8C4CA2E51C75C15700D57D52 /* Project object */;
}
